// !$*UTF8*$!
{
	archiveVersion = 1;
	classes = {
	};
	objectVersion = 53;
	objects = {

/* Begin PBXBuildFile section */
		18194B08275E174F00F9223A /* AppDelegate.swift in Sources */ = {isa = PBXBuildFile; fileRef = 18194B07275E174F00F9223A /* AppDelegate.swift */; };
		18194B0A275E174F00F9223A /* SceneDelegate.swift in Sources */ = {isa = PBXBuildFile; fileRef = 18194B09275E174F00F9223A /* SceneDelegate.swift */; };
		18194B0C275E174F00F9223A /* PopUpViewController.swift in Sources */ = {isa = PBXBuildFile; fileRef = 18194B0B275E174F00F9223A /* PopUpViewController.swift */; };
		18194B0F275E174F00F9223A /* Main.storyboard in Resources */ = {isa = PBXBuildFile; fileRef = 18194B0D275E174F00F9223A /* Main.storyboard */; };
		18194B11275E175200F9223A /* Assets.xcassets in Resources */ = {isa = PBXBuildFile; fileRef = 18194B10275E175200F9223A /* Assets.xcassets */; };
		18194B14275E175200F9223A /* LaunchScreen.storyboard in Resources */ = {isa = PBXBuildFile; fileRef = 18194B12275E175200F9223A /* LaunchScreen.storyboard */; };
		18194B42275E2F6600F9223A /* ViewController.swift in Sources */ = {isa = PBXBuildFile; fileRef = 18194B41275E2F6600F9223A /* ViewController.swift */; };
		18594F3A27633DFA005CA19E /* DesignViewController.swift in Sources */ = {isa = PBXBuildFile; fileRef = 18594F3927633DFA005CA19E /* DesignViewController.swift */; };
		18594F3C27633FE7005CA19E /* ProfileViewController.swift in Sources */ = {isa = PBXBuildFile; fileRef = 18594F3B27633FE7005CA19E /* ProfileViewController.swift */; };
		18594F5027634733005CA19E /* Raleway-BoldItalic.ttf in Resources */ = {isa = PBXBuildFile; fileRef = 18594F3E27634733005CA19E /* Raleway-BoldItalic.ttf */; };
		18594F5127634733005CA19E /* Raleway-MediumItalic.ttf in Resources */ = {isa = PBXBuildFile; fileRef = 18594F3F27634733005CA19E /* Raleway-MediumItalic.ttf */; };
		18594F5227634733005CA19E /* Raleway-ThinItalic.ttf in Resources */ = {isa = PBXBuildFile; fileRef = 18594F4027634733005CA19E /* Raleway-ThinItalic.ttf */; };
		18594F5327634733005CA19E /* Raleway-ExtraLight.ttf in Resources */ = {isa = PBXBuildFile; fileRef = 18594F4127634733005CA19E /* Raleway-ExtraLight.ttf */; };
		18594F5427634733005CA19E /* Raleway-Medium.ttf in Resources */ = {isa = PBXBuildFile; fileRef = 18594F4227634733005CA19E /* Raleway-Medium.ttf */; };
		18594F5527634733005CA19E /* Raleway-SemiBold.ttf in Resources */ = {isa = PBXBuildFile; fileRef = 18594F4327634733005CA19E /* Raleway-SemiBold.ttf */; };
		18594F5627634733005CA19E /* Raleway-ExtraBold.ttf in Resources */ = {isa = PBXBuildFile; fileRef = 18594F4427634733005CA19E /* Raleway-ExtraBold.ttf */; };
		18594F5727634733005CA19E /* Raleway-ExtraBoldItalic.ttf in Resources */ = {isa = PBXBuildFile; fileRef = 18594F4527634733005CA19E /* Raleway-ExtraBoldItalic.ttf */; };
		18594F5827634733005CA19E /* Raleway-Regular.ttf in Resources */ = {isa = PBXBuildFile; fileRef = 18594F4627634733005CA19E /* Raleway-Regular.ttf */; };
		18594F5927634733005CA19E /* Raleway-ExtraLightItalic.ttf in Resources */ = {isa = PBXBuildFile; fileRef = 18594F4727634733005CA19E /* Raleway-ExtraLightItalic.ttf */; };
		18594F5A27634733005CA19E /* Raleway-SemiBoldItalic.ttf in Resources */ = {isa = PBXBuildFile; fileRef = 18594F4827634733005CA19E /* Raleway-SemiBoldItalic.ttf */; };
		18594F5B27634733005CA19E /* Raleway-Light.ttf in Resources */ = {isa = PBXBuildFile; fileRef = 18594F4927634733005CA19E /* Raleway-Light.ttf */; };
		18594F5C27634733005CA19E /* Raleway-Black.ttf in Resources */ = {isa = PBXBuildFile; fileRef = 18594F4A27634733005CA19E /* Raleway-Black.ttf */; };
		18594F5D27634733005CA19E /* Raleway-BlackItalic.ttf in Resources */ = {isa = PBXBuildFile; fileRef = 18594F4B27634733005CA19E /* Raleway-BlackItalic.ttf */; };
		18594F5E27634733005CA19E /* Raleway-LightItalic.ttf in Resources */ = {isa = PBXBuildFile; fileRef = 18594F4C27634733005CA19E /* Raleway-LightItalic.ttf */; };
		18594F5F27634733005CA19E /* Raleway-Thin.ttf in Resources */ = {isa = PBXBuildFile; fileRef = 18594F4D27634733005CA19E /* Raleway-Thin.ttf */; };
		18594F6027634733005CA19E /* Raleway-Italic.ttf in Resources */ = {isa = PBXBuildFile; fileRef = 18594F4E27634733005CA19E /* Raleway-Italic.ttf */; };
		18594F6127634733005CA19E /* Raleway-Bold.ttf in Resources */ = {isa = PBXBuildFile; fileRef = 18594F4F27634733005CA19E /* Raleway-Bold.ttf */; };
		18661C4A27673B1B00A8B175 /* TimerViewController.swift in Sources */ = {isa = PBXBuildFile; fileRef = 18661C4927673B1B00A8B175 /* TimerViewController.swift */; };
		18661C4F27675AD600A8B175 /* GetViewController.swift in Sources */ = {isa = PBXBuildFile; fileRef = 18661C4E27675AD600A8B175 /* GetViewController.swift */; };
		186F918E27685A4500CA6924 /* LoginModel.swift in Sources */ = {isa = PBXBuildFile; fileRef = 186F918D27685A4400CA6924 /* LoginModel.swift */; };
		186F9190276877E200CA6924 /* LogInViewModel.swift in Sources */ = {isa = PBXBuildFile; fileRef = 186F918F276877E200CA6924 /* LogInViewModel.swift */; };
		186F91922768939A00CA6924 /* EmailModel.swift in Sources */ = {isa = PBXBuildFile; fileRef = 186F91912768939A00CA6924 /* EmailModel.swift */; };
		186F91942768957C00CA6924 /* EmailViewModel.swift in Sources */ = {isa = PBXBuildFile; fileRef = 186F91932768957C00CA6924 /* EmailViewModel.swift */; };
		186F91962768962600CA6924 /* EmailViewController.swift in Sources */ = {isa = PBXBuildFile; fileRef = 186F91952768962600CA6924 /* EmailViewController.swift */; };
		186F91982768972600CA6924 /* EmailTableViewCell.swift in Sources */ = {isa = PBXBuildFile; fileRef = 186F91972768972600CA6924 /* EmailTableViewCell.swift */; };
/* End PBXBuildFile section */

/* Begin PBXFileReference section */
		18194B04275E174F00F9223A /* PopUp.app */ = {isa = PBXFileReference; explicitFileType = wrapper.application; includeInIndex = 0; path = PopUp.app; sourceTree = BUILT_PRODUCTS_DIR; };
		18194B07275E174F00F9223A /* AppDelegate.swift */ = {isa = PBXFileReference; lastKnownFileType = sourcecode.swift; path = AppDelegate.swift; sourceTree = "<group>"; };
		18194B09275E174F00F9223A /* SceneDelegate.swift */ = {isa = PBXFileReference; lastKnownFileType = sourcecode.swift; path = SceneDelegate.swift; sourceTree = "<group>"; };
		18194B0B275E174F00F9223A /* PopUpViewController.swift */ = {isa = PBXFileReference; lastKnownFileType = sourcecode.swift; path = PopUpViewController.swift; sourceTree = "<group>"; };
		18194B0E275E174F00F9223A /* Base */ = {isa = PBXFileReference; lastKnownFileType = file.storyboard; name = Base; path = Base.lproj/Main.storyboard; sourceTree = "<group>"; };
		18194B10275E175200F9223A /* Assets.xcassets */ = {isa = PBXFileReference; lastKnownFileType = folder.assetcatalog; path = Assets.xcassets; sourceTree = "<group>"; };
		18194B13275E175200F9223A /* Base */ = {isa = PBXFileReference; lastKnownFileType = file.storyboard; name = Base; path = Base.lproj/LaunchScreen.storyboard; sourceTree = "<group>"; };
		18194B15275E175200F9223A /* Info.plist */ = {isa = PBXFileReference; lastKnownFileType = text.plist.xml; path = Info.plist; sourceTree = "<group>"; };
		18194B41275E2F6600F9223A /* ViewController.swift */ = {isa = PBXFileReference; lastKnownFileType = sourcecode.swift; path = ViewController.swift; sourceTree = "<group>"; };
		18594F3927633DFA005CA19E /* DesignViewController.swift */ = {isa = PBXFileReference; lastKnownFileType = sourcecode.swift; path = DesignViewController.swift; sourceTree = "<group>"; };
		18594F3B27633FE7005CA19E /* ProfileViewController.swift */ = {isa = PBXFileReference; lastKnownFileType = sourcecode.swift; path = ProfileViewController.swift; sourceTree = "<group>"; };
		18594F3E27634733005CA19E /* Raleway-BoldItalic.ttf */ = {isa = PBXFileReference; lastKnownFileType = file; path = "Raleway-BoldItalic.ttf"; sourceTree = "<group>"; };
		18594F3F27634733005CA19E /* Raleway-MediumItalic.ttf */ = {isa = PBXFileReference; lastKnownFileType = file; path = "Raleway-MediumItalic.ttf"; sourceTree = "<group>"; };
		18594F4027634733005CA19E /* Raleway-ThinItalic.ttf */ = {isa = PBXFileReference; lastKnownFileType = file; path = "Raleway-ThinItalic.ttf"; sourceTree = "<group>"; };
		18594F4127634733005CA19E /* Raleway-ExtraLight.ttf */ = {isa = PBXFileReference; lastKnownFileType = file; path = "Raleway-ExtraLight.ttf"; sourceTree = "<group>"; };
		18594F4227634733005CA19E /* Raleway-Medium.ttf */ = {isa = PBXFileReference; lastKnownFileType = file; path = "Raleway-Medium.ttf"; sourceTree = "<group>"; };
		18594F4327634733005CA19E /* Raleway-SemiBold.ttf */ = {isa = PBXFileReference; lastKnownFileType = file; path = "Raleway-SemiBold.ttf"; sourceTree = "<group>"; };
		18594F4427634733005CA19E /* Raleway-ExtraBold.ttf */ = {isa = PBXFileReference; lastKnownFileType = file; path = "Raleway-ExtraBold.ttf"; sourceTree = "<group>"; };
		18594F4527634733005CA19E /* Raleway-ExtraBoldItalic.ttf */ = {isa = PBXFileReference; lastKnownFileType = file; path = "Raleway-ExtraBoldItalic.ttf"; sourceTree = "<group>"; };
		18594F4627634733005CA19E /* Raleway-Regular.ttf */ = {isa = PBXFileReference; lastKnownFileType = file; path = "Raleway-Regular.ttf"; sourceTree = "<group>"; };
		18594F4727634733005CA19E /* Raleway-ExtraLightItalic.ttf */ = {isa = PBXFileReference; lastKnownFileType = file; path = "Raleway-ExtraLightItalic.ttf"; sourceTree = "<group>"; };
		18594F4827634733005CA19E /* Raleway-SemiBoldItalic.ttf */ = {isa = PBXFileReference; lastKnownFileType = file; path = "Raleway-SemiBoldItalic.ttf"; sourceTree = "<group>"; };
		18594F4927634733005CA19E /* Raleway-Light.ttf */ = {isa = PBXFileReference; lastKnownFileType = file; path = "Raleway-Light.ttf"; sourceTree = "<group>"; };
		18594F4A27634733005CA19E /* Raleway-Black.ttf */ = {isa = PBXFileReference; lastKnownFileType = file; path = "Raleway-Black.ttf"; sourceTree = "<group>"; };
		18594F4B27634733005CA19E /* Raleway-BlackItalic.ttf */ = {isa = PBXFileReference; lastKnownFileType = file; path = "Raleway-BlackItalic.ttf"; sourceTree = "<group>"; };
		18594F4C27634733005CA19E /* Raleway-LightItalic.ttf */ = {isa = PBXFileReference; lastKnownFileType = file; path = "Raleway-LightItalic.ttf"; sourceTree = "<group>"; };
		18594F4D27634733005CA19E /* Raleway-Thin.ttf */ = {isa = PBXFileReference; lastKnownFileType = file; path = "Raleway-Thin.ttf"; sourceTree = "<group>"; };
		18594F4E27634733005CA19E /* Raleway-Italic.ttf */ = {isa = PBXFileReference; lastKnownFileType = file; path = "Raleway-Italic.ttf"; sourceTree = "<group>"; };
		18594F4F27634733005CA19E /* Raleway-Bold.ttf */ = {isa = PBXFileReference; lastKnownFileType = file; path = "Raleway-Bold.ttf"; sourceTree = "<group>"; };
		18661C4927673B1B00A8B175 /* TimerViewController.swift */ = {isa = PBXFileReference; lastKnownFileType = sourcecode.swift; path = TimerViewController.swift; sourceTree = "<group>"; };
		18661C4E27675AD600A8B175 /* GetViewController.swift */ = {isa = PBXFileReference; lastKnownFileType = sourcecode.swift; path = GetViewController.swift; sourceTree = "<group>"; };
		186F918D27685A4400CA6924 /* LoginModel.swift */ = {isa = PBXFileReference; lastKnownFileType = sourcecode.swift; path = LoginModel.swift; sourceTree = "<group>"; };
		186F918F276877E200CA6924 /* LogInViewModel.swift */ = {isa = PBXFileReference; lastKnownFileType = sourcecode.swift; path = LogInViewModel.swift; sourceTree = "<group>"; };
		186F91912768939A00CA6924 /* EmailModel.swift */ = {isa = PBXFileReference; lastKnownFileType = sourcecode.swift; path = EmailModel.swift; sourceTree = "<group>"; };
		186F91932768957C00CA6924 /* EmailViewModel.swift */ = {isa = PBXFileReference; lastKnownFileType = sourcecode.swift; path = EmailViewModel.swift; sourceTree = "<group>"; };
		186F91952768962600CA6924 /* EmailViewController.swift */ = {isa = PBXFileReference; lastKnownFileType = sourcecode.swift; path = EmailViewController.swift; sourceTree = "<group>"; };
		186F91972768972600CA6924 /* EmailTableViewCell.swift */ = {isa = PBXFileReference; lastKnownFileType = sourcecode.swift; path = EmailTableViewCell.swift; sourceTree = "<group>"; };
/* End PBXFileReference section */

/* Begin PBXFrameworksBuildPhase section */
		18194B01275E174F00F9223A /* Frameworks */ = {
			isa = PBXFrameworksBuildPhase;
			buildActionMask = 2147483647;
			files = (
			);
			runOnlyForDeploymentPostprocessing = 0;
		};
/* End PBXFrameworksBuildPhase section */

/* Begin PBXGroup section */
		18194AFB275E174F00F9223A = {
			isa = PBXGroup;
			children = (
				18194B06275E174F00F9223A /* PopUp */,
				18194B05275E174F00F9223A /* Products */,
			);
			sourceTree = "<group>";
		};
		18194B05275E174F00F9223A /* Products */ = {
			isa = PBXGroup;
			children = (
				18194B04275E174F00F9223A /* PopUp.app */,
			);
			name = Products;
			sourceTree = "<group>";
		};
		18194B06275E174F00F9223A /* PopUp */ = {
			isa = PBXGroup;
			children = (
				18661C4D2767530D00A8B175 /* Modal */,
				18661C4C276752F800A8B175 /* viewModal */,
				18661C4B276752F300A8B175 /* View */,
				18194B07275E174F00F9223A /* AppDelegate.swift */,
				18194B09275E174F00F9223A /* SceneDelegate.swift */,
				18194B0B275E174F00F9223A /* PopUpViewController.swift */,
				18194B0D275E174F00F9223A /* Main.storyboard */,
				18194B10275E175200F9223A /* Assets.xcassets */,
				18194B12275E175200F9223A /* LaunchScreen.storyboard */,
				18194B15275E175200F9223A /* Info.plist */,
				18194B41275E2F6600F9223A /* ViewController.swift */,
				18594F3927633DFA005CA19E /* DesignViewController.swift */,
				18594F3B27633FE7005CA19E /* ProfileViewController.swift */,
				18594F3D27634733005CA19E /* Fonts */,
				18661C4927673B1B00A8B175 /* TimerViewController.swift */,
			);
			path = PopUp;
			sourceTree = "<group>";
		};
		18594F3D27634733005CA19E /* Fonts */ = {
			isa = PBXGroup;
			children = (
				18594F3E27634733005CA19E /* Raleway-BoldItalic.ttf */,
				18594F3F27634733005CA19E /* Raleway-MediumItalic.ttf */,
				18594F4027634733005CA19E /* Raleway-ThinItalic.ttf */,
				18594F4127634733005CA19E /* Raleway-ExtraLight.ttf */,
				18594F4227634733005CA19E /* Raleway-Medium.ttf */,
				18594F4327634733005CA19E /* Raleway-SemiBold.ttf */,
				18594F4427634733005CA19E /* Raleway-ExtraBold.ttf */,
				18594F4527634733005CA19E /* Raleway-ExtraBoldItalic.ttf */,
				18594F4627634733005CA19E /* Raleway-Regular.ttf */,
				18594F4727634733005CA19E /* Raleway-ExtraLightItalic.ttf */,
				18594F4827634733005CA19E /* Raleway-SemiBoldItalic.ttf */,
				18594F4927634733005CA19E /* Raleway-Light.ttf */,
				18594F4A27634733005CA19E /* Raleway-Black.ttf */,
				18594F4B27634733005CA19E /* Raleway-BlackItalic.ttf */,
				18594F4C27634733005CA19E /* Raleway-LightItalic.ttf */,
				18594F4D27634733005CA19E /* Raleway-Thin.ttf */,
				18594F4E27634733005CA19E /* Raleway-Italic.ttf */,
				18594F4F27634733005CA19E /* Raleway-Bold.ttf */,
			);
			name = Fonts;
			path = "../../../Library/Mobile Documents/com~apple~CloudDocs/Fonts";
			sourceTree = "<group>";
		};
		18661C4B276752F300A8B175 /* View */ = {
			isa = PBXGroup;
			children = (
				18661C4E27675AD600A8B175 /* GetViewController.swift */,
				186F91952768962600CA6924 /* EmailViewController.swift */,
				186F91972768972600CA6924 /* EmailTableViewCell.swift */,
			);
			path = View;
			sourceTree = "<group>";
		};
		18661C4C276752F800A8B175 /* viewModal */ = {
			isa = PBXGroup;
			children = (
				186F918F276877E200CA6924 /* LogInViewModel.swift */,
				186F91932768957C00CA6924 /* EmailViewModel.swift */,
			);
			path = viewModal;
			sourceTree = "<group>";
		};
		18661C4D2767530D00A8B175 /* Modal */ = {
			isa = PBXGroup;
			children = (
				186F918D27685A4400CA6924 /* LoginModel.swift */,
				186F91912768939A00CA6924 /* EmailModel.swift */,
			);
			path = Modal;
			sourceTree = "<group>";
		};
/* End PBXGroup section */

/* Begin PBXNativeTarget section */
		18194B03275E174F00F9223A /* PopUp */ = {
			isa = PBXNativeTarget;
			buildConfigurationList = 18194B18275E175200F9223A /* Build configuration list for PBXNativeTarget "PopUp" */;
			buildPhases = (
				18194B00275E174F00F9223A /* Sources */,
				18194B01275E174F00F9223A /* Frameworks */,
				18194B02275E174F00F9223A /* Resources */,
			);
			buildRules = (
			);
			dependencies = (
			);
			name = PopUp;
			productName = PopUp;
			productReference = 18194B04275E174F00F9223A /* PopUp.app */;
			productType = "com.apple.product-type.application";
		};
/* End PBXNativeTarget section */

/* Begin PBXProject section */
		18194AFC275E174F00F9223A /* Project object */ = {
			isa = PBXProject;
			attributes = {
				BuildIndependentTargetsInParallel = 1;
				LastSwiftUpdateCheck = 1310;
				LastUpgradeCheck = 1310;
				TargetAttributes = {
					18194B03275E174F00F9223A = {
						CreatedOnToolsVersion = 13.1;
					};
				};
			};
			buildConfigurationList = 18194AFF275E174F00F9223A /* Build configuration list for PBXProject "PopUp" */;
			compatibilityVersion = "Xcode 10.0";
			developmentRegion = en;
			hasScannedForEncodings = 0;
			knownRegions = (
				en,
				Base,
			);
			mainGroup = 18194AFB275E174F00F9223A;
			productRefGroup = 18194B05275E174F00F9223A /* Products */;
			projectDirPath = "";
			projectRoot = "";
			targets = (
				18194B03275E174F00F9223A /* PopUp */,
			);
		};
/* End PBXProject section */

/* Begin PBXResourcesBuildPhase section */
		18194B02275E174F00F9223A /* Resources */ = {
			isa = PBXResourcesBuildPhase;
			buildActionMask = 2147483647;
			files = (
				18594F5527634733005CA19E /* Raleway-SemiBold.ttf in Resources */,
				18594F5927634733005CA19E /* Raleway-ExtraLightItalic.ttf in Resources */,
				18594F5727634733005CA19E /* Raleway-ExtraBoldItalic.ttf in Resources */,
				18194B14275E175200F9223A /* LaunchScreen.storyboard in Resources */,
				18594F5427634733005CA19E /* Raleway-Medium.ttf in Resources */,
				18594F5F27634733005CA19E /* Raleway-Thin.ttf in Resources */,
				18594F6027634733005CA19E /* Raleway-Italic.ttf in Resources */,
				18594F6127634733005CA19E /* Raleway-Bold.ttf in Resources */,
				18594F5A27634733005CA19E /* Raleway-SemiBoldItalic.ttf in Resources */,
				18594F5B27634733005CA19E /* Raleway-Light.ttf in Resources */,
				18194B11275E175200F9223A /* Assets.xcassets in Resources */,
				18594F5127634733005CA19E /* Raleway-MediumItalic.ttf in Resources */,
				18194B0F275E174F00F9223A /* Main.storyboard in Resources */,
				18594F5827634733005CA19E /* Raleway-Regular.ttf in Resources */,
				18594F5E27634733005CA19E /* Raleway-LightItalic.ttf in Resources */,
				18594F5627634733005CA19E /* Raleway-ExtraBold.ttf in Resources */,
				18594F5C27634733005CA19E /* Raleway-Black.ttf in Resources */,
				18594F5027634733005CA19E /* Raleway-BoldItalic.ttf in Resources */,
				18594F5327634733005CA19E /* Raleway-ExtraLight.ttf in Resources */,
				18594F5227634733005CA19E /* Raleway-ThinItalic.ttf in Resources */,
				18594F5D27634733005CA19E /* Raleway-BlackItalic.ttf in Resources */,
			);
			runOnlyForDeploymentPostprocessing = 0;
		};
/* End PBXResourcesBuildPhase section */

/* Begin PBXSourcesBuildPhase section */
		18194B00275E174F00F9223A /* Sources */ = {
			isa = PBXSourcesBuildPhase;
			buildActionMask = 2147483647;
			files = (
				18594F3C27633FE7005CA19E /* ProfileViewController.swift in Sources */,
				18661C4F27675AD600A8B175 /* GetViewController.swift in Sources */,
				18194B42275E2F6600F9223A /* ViewController.swift in Sources */,
				186F9190276877E200CA6924 /* LogInViewModel.swift in Sources */,
				18194B0C275E174F00F9223A /* PopUpViewController.swift in Sources */,
				18661C4A27673B1B00A8B175 /* TimerViewController.swift in Sources */,
				186F91962768962600CA6924 /* EmailViewController.swift in Sources */,
				18194B08275E174F00F9223A /* AppDelegate.swift in Sources */,
				186F91982768972600CA6924 /* EmailTableViewCell.swift in Sources */,
				186F91942768957C00CA6924 /* EmailViewModel.swift in Sources */,
				186F91922768939A00CA6924 /* EmailModel.swift in Sources */,
				186F918E27685A4500CA6924 /* LoginModel.swift in Sources */,
				18594F3A27633DFA005CA19E /* DesignViewController.swift in Sources */,
				18194B0A275E174F00F9223A /* SceneDelegate.swift in Sources */,
			);
			runOnlyForDeploymentPostprocessing = 0;
		};
/* End PBXSourcesBuildPhase section */

/* Begin PBXVariantGroup section */
		18194B0D275E174F00F9223A /* Main.storyboard */ = {
			isa = PBXVariantGroup;
			children = (
				18194B0E275E174F00F9223A /* Base */,
			);
			name = Main.storyboard;
			sourceTree = "<group>";
		};
		18194B12275E175200F9223A /* LaunchScreen.storyboard */ = {
			isa = PBXVariantGroup;
			children = (
				18194B13275E175200F9223A /* Base */,
			);
			name = LaunchScreen.storyboard;
			sourceTree = "<group>";
		};
/* End PBXVariantGroup section */

/* Begin XCBuildConfiguration section */
		18194B16275E175200F9223A /* Debug */ = {
			isa = XCBuildConfiguration;
			buildSettings = {
				ALWAYS_SEARCH_USER_PATHS = NO;
				CLANG_ANALYZER_NONNULL = YES;
				CLANG_ANALYZER_NUMBER_OBJECT_CONVERSION = YES_AGGRESSIVE;
				CLANG_CXX_LANGUAGE_STANDARD = "gnu++17";
				CLANG_CXX_LIBRARY = "libc++";
				CLANG_ENABLE_MODULES = YES;
				CLANG_ENABLE_OBJC_ARC = YES;
				CLANG_ENABLE_OBJC_WEAK = YES;
				CLANG_WARN_BLOCK_CAPTURE_AUTORELEASING = YES;
				CLANG_WARN_BOOL_CONVERSION = YES;
				CLANG_WARN_COMMA = YES;
				CLANG_WARN_CONSTANT_CONVERSION = YES;
				CLANG_WARN_DEPRECATED_OBJC_IMPLEMENTATIONS = YES;
				CLANG_WARN_DIRECT_OBJC_ISA_USAGE = YES_ERROR;
				CLANG_WARN_DOCUMENTATION_COMMENTS = YES;
				CLANG_WARN_EMPTY_BODY = YES;
				CLANG_WARN_ENUM_CONVERSION = YES;
				CLANG_WARN_INFINITE_RECURSION = YES;
				CLANG_WARN_INT_CONVERSION = YES;
				CLANG_WARN_NON_LITERAL_NULL_CONVERSION = YES;
				CLANG_WARN_OBJC_IMPLICIT_RETAIN_SELF = YES;
				CLANG_WARN_OBJC_LITERAL_CONVERSION = YES;
				CLANG_WARN_OBJC_ROOT_CLASS = YES_ERROR;
				CLANG_WARN_QUOTED_INCLUDE_IN_FRAMEWORK_HEADER = YES;
				CLANG_WARN_RANGE_LOOP_ANALYSIS = YES;
				CLANG_WARN_STRICT_PROTOTYPES = YES;
				CLANG_WARN_SUSPICIOUS_MOVE = YES;
				CLANG_WARN_UNGUARDED_AVAILABILITY = YES_AGGRESSIVE;
				CLANG_WARN_UNREACHABLE_CODE = YES;
				CLANG_WARN__DUPLICATE_METHOD_MATCH = YES;
				COPY_PHASE_STRIP = NO;
				DEBUG_INFORMATION_FORMAT = dwarf;
				ENABLE_STRICT_OBJC_MSGSEND = YES;
				ENABLE_TESTABILITY = YES;
				GCC_C_LANGUAGE_STANDARD = gnu11;
				GCC_DYNAMIC_NO_PIC = NO;
				GCC_NO_COMMON_BLOCKS = YES;
				GCC_OPTIMIZATION_LEVEL = 0;
				GCC_PREPROCESSOR_DEFINITIONS = (
					"DEBUG=1",
					"$(inherited)",
				);
				GCC_WARN_64_TO_32_BIT_CONVERSION = YES;
				GCC_WARN_ABOUT_RETURN_TYPE = YES_ERROR;
				GCC_WARN_UNDECLARED_SELECTOR = YES;
				GCC_WARN_UNINITIALIZED_AUTOS = YES_AGGRESSIVE;
				GCC_WARN_UNUSED_FUNCTION = YES;
				GCC_WARN_UNUSED_VARIABLE = YES;
				IPHONEOS_DEPLOYMENT_TARGET = 15.0;
				MTL_ENABLE_DEBUG_INFO = INCLUDE_SOURCE;
				MTL_FAST_MATH = YES;
				ONLY_ACTIVE_ARCH = YES;
				SDKROOT = iphoneos;
				SWIFT_ACTIVE_COMPILATION_CONDITIONS = DEBUG;
				SWIFT_OPTIMIZATION_LEVEL = "-Onone";
			};
			name = Debug;
		};
		18194B17275E175200F9223A /* Release */ = {
			isa = XCBuildConfiguration;
			buildSettings = {
				ALWAYS_SEARCH_USER_PATHS = NO;
				CLANG_ANALYZER_NONNULL = YES;
				CLANG_ANALYZER_NUMBER_OBJECT_CONVERSION = YES_AGGRESSIVE;
				CLANG_CXX_LANGUAGE_STANDARD = "gnu++17";
				CLANG_CXX_LIBRARY = "libc++";
				CLANG_ENABLE_MODULES = YES;
				CLANG_ENABLE_OBJC_ARC = YES;
				CLANG_ENABLE_OBJC_WEAK = YES;
				CLANG_WARN_BLOCK_CAPTURE_AUTORELEASING = YES;
				CLANG_WARN_BOOL_CONVERSION = YES;
				CLANG_WARN_COMMA = YES;
				CLANG_WARN_CONSTANT_CONVERSION = YES;
				CLANG_WARN_DEPRECATED_OBJC_IMPLEMENTATIONS = YES;
				CLANG_WARN_DIRECT_OBJC_ISA_USAGE = YES_ERROR;
				CLANG_WARN_DOCUMENTATION_COMMENTS = YES;
				CLANG_WARN_EMPTY_BODY = YES;
				CLANG_WARN_ENUM_CONVERSION = YES;
				CLANG_WARN_INFINITE_RECURSION = YES;
				CLANG_WARN_INT_CONVERSION = YES;
				CLANG_WARN_NON_LITERAL_NULL_CONVERSION = YES;
				CLANG_WARN_OBJC_IMPLICIT_RETAIN_SELF = YES;
				CLANG_WARN_OBJC_LITERAL_CONVERSION = YES;
				CLANG_WARN_OBJC_ROOT_CLASS = YES_ERROR;
				CLANG_WARN_QUOTED_INCLUDE_IN_FRAMEWORK_HEADER = YES;
				CLANG_WARN_RANGE_LOOP_ANALYSIS = YES;
				CLANG_WARN_STRICT_PROTOTYPES = YES;
				CLANG_WARN_SUSPICIOUS_MOVE = YES;
				CLANG_WARN_UNGUARDED_AVAILABILITY = YES_AGGRESSIVE;
				CLANG_WARN_UNREACHABLE_CODE = YES;
				CLANG_WARN__DUPLICATE_METHOD_MATCH = YES;
				COPY_PHASE_STRIP = NO;
				DEBUG_INFORMATION_FORMAT = "dwarf-with-dsym";
				ENABLE_NS_ASSERTIONS = NO;
				ENABLE_STRICT_OBJC_MSGSEND = YES;
				GCC_C_LANGUAGE_STANDARD = gnu11;
				GCC_NO_COMMON_BLOCKS = YES;
				GCC_WARN_64_TO_32_BIT_CONVERSION = YES;
				GCC_WARN_ABOUT_RETURN_TYPE = YES_ERROR;
				GCC_WARN_UNDECLARED_SELECTOR = YES;
				GCC_WARN_UNINITIALIZED_AUTOS = YES_AGGRESSIVE;
				GCC_WARN_UNUSED_FUNCTION = YES;
				GCC_WARN_UNUSED_VARIABLE = YES;
				IPHONEOS_DEPLOYMENT_TARGET = 15.0;
				MTL_ENABLE_DEBUG_INFO = NO;
				MTL_FAST_MATH = YES;
				SDKROOT = iphoneos;
				SWIFT_COMPILATION_MODE = wholemodule;
				SWIFT_OPTIMIZATION_LEVEL = "-O";
				VALIDATE_PRODUCT = YES;
			};
			name = Release;
		};
		18194B19275E175200F9223A /* Debug */ = {
			isa = XCBuildConfiguration;
			buildSettings = {
				ASSETCATALOG_COMPILER_APPICON_NAME = AppIcon;
				ASSETCATALOG_COMPILER_GLOBAL_ACCENT_COLOR_NAME = AccentColor;
				CODE_SIGN_STYLE = Automatic;
				CURRENT_PROJECT_VERSION = 1;
				GENERATE_INFOPLIST_FILE = YES;
				INFOPLIST_FILE = PopUp/Info.plist;
				INFOPLIST_KEY_UIApplicationSupportsIndirectInputEvents = YES;
				INFOPLIST_KEY_UILaunchStoryboardName = LaunchScreen;
				INFOPLIST_KEY_UIMainStoryboardFile = Main;
				INFOPLIST_KEY_UISupportedInterfaceOrientations_iPad = "UIInterfaceOrientationPortrait UIInterfaceOrientationPortraitUpsideDown UIInterfaceOrientationLandscapeLeft UIInterfaceOrientationLandscapeRight";
				INFOPLIST_KEY_UISupportedInterfaceOrientations_iPhone = "UIInterfaceOrientationPortrait UIInterfaceOrientationLandscapeLeft UIInterfaceOrientationLandscapeRight";
				LD_RUNPATH_SEARCH_PATHS = (
					"$(inherited)",
					"@executable_path/Frameworks",
				);
				MARKETING_VERSION = 1.0;
				PRODUCT_BUNDLE_IDENTIFIER = softprodigy.PopUp;
				PRODUCT_NAME = "$(TARGET_NAME)";
				SWIFT_EMIT_LOC_STRINGS = YES;
				SWIFT_VERSION = 5.0;
				TARGETED_DEVICE_FAMILY = "1,2";
			};
			name = Debug;
		};
		18194B1A275E175200F9223A /* Release */ = {
			isa = XCBuildConfiguration;
			buildSettings = {
				ASSETCATALOG_COMPILER_APPICON_NAME = AppIcon;
				ASSETCATALOG_COMPILER_GLOBAL_ACCENT_COLOR_NAME = AccentColor;
				CODE_SIGN_STYLE = Automatic;
				CURRENT_PROJECT_VERSION = 1;
				GENERATE_INFOPLIST_FILE = YES;
				INFOPLIST_FILE = PopUp/Info.plist;
				INFOPLIST_KEY_UIApplicationSupportsIndirectInputEvents = YES;
				INFOPLIST_KEY_UILaunchStoryboardName = LaunchScreen;
				INFOPLIST_KEY_UIMainStoryboardFile = Main;
				INFOPLIST_KEY_UISupportedInterfaceOrientations_iPad = "UIInterfaceOrientationPortrait UIInterfaceOrientationPortraitUpsideDown UIInterfaceOrientationLandscapeLeft UIInterfaceOrientationLandscapeRight";
				INFOPLIST_KEY_UISupportedInterfaceOrientations_iPhone = "UIInterfaceOrientationPortrait UIInterfaceOrientationLandscapeLeft UIInterfaceOrientationLandscapeRight";
				LD_RUNPATH_SEARCH_PATHS = (
					"$(inherited)",
					"@executable_path/Frameworks",
				);
				MARKETING_VERSION = 1.0;
				PRODUCT_BUNDLE_IDENTIFIER = softprodigy.PopUp;
				PRODUCT_NAME = "$(TARGET_NAME)";
				SWIFT_EMIT_LOC_STRINGS = YES;
				SWIFT_VERSION = 5.0;
				TARGETED_DEVICE_FAMILY = "1,2";
			};
			name = Release;
		};
/* End XCBuildConfiguration section */

/* Begin XCConfigurationList section */
		18194AFF275E174F00F9223A /* Build configuration list for PBXProject "PopUp" */ = {
			isa = XCConfigurationList;
			buildConfigurations = (
				18194B16275E175200F9223A /* Debug */,
				18194B17275E175200F9223A /* Release */,
			);
			defaultConfigurationIsVisible = 0;
			defaultConfigurationName = Release;
		};
		18194B18275E175200F9223A /* Build configuration list for PBXNativeTarget "PopUp" */ = {
			isa = XCConfigurationList;
			buildConfigurations = (
				18194B19275E175200F9223A /* Debug */,
				18194B1A275E175200F9223A /* Release */,
			);
			defaultConfigurationIsVisible = 0;
			defaultConfigurationName = Release;
		};
/* End XCConfigurationList section */
	};
	rootObject = 18194AFC275E174F00F9223A /* Project object */;
}
